{
  "name": "volundr-cli-tools",
  "lockfileVersion": 3,
  "requires": true,
  "packages": {
    "": {
      "name": "volundr-cli-tools",
      "dependencies": {
        "@anthropic-ai/claude-code": "2.1.282"
      }
    },
    "node_modules/@anthropic-ai/claude-code": {
      "version": "2.1.282",
      "resolved": "https://registry.npmjs.org/@anthropic-ai/claude-code/-/claude-code-2.1.282.tgz",
      "integrity": "sha512-nKh6bevzeUQm7yJzA6WdyvQ92k6/M5muwTUJtI1CbRWzl9drmdGdh61N9y4CIUVXAZhaVam0migsHuqpt8Kvlw==",
      "hasInstallScript": true,
      "license": "SEE LICENSE IN README.md",
      "bin": {
        "claude": "bin/claude.exe"
      },
      "engines": {
        "node": ">=22.0.0"
      },
      "optionalDependencies": {
        "@anthropic-ai/claude-code-darwin-arm64": "2.1.282",
        "@anthropic-ai/claude-code-darwin-x64": "2.1.282",
        "@anthropic-ai/claude-code-linux-arm64": "2.1.282",
        "@anthropic-ai/claude-code-linux-arm64-musl": "2.1.282",
        "@anthropic-ai/claude-code-linux-x64": "2.1.282",
        "@anthropic-ai/claude-code-linux-x64-musl": "2.1.282",
        "@anthropic-ai/claude-code-win32-arm64": "2.1.282",
        "@anthropic-ai/claude-code-win32-x64": "2.1.282"
      }
    },
    "node_modules/@anthropic-ai/claude-code-darwin-arm64": {
      "version": "2.1.282",
      "resolved": "https://registry.npmjs.org/@anthropic-ai/claude-code-darwin-arm64/-/claude-code-darwin-arm64-2.1.282.tgz",
      "integrity": "sha512-THkAiXsMlYu5Bv6cFZmdgWWwxl39a7i793O+VPFPjMySKkeKJY4JQcO9IjJhy63cPWPiXn5tGauw1NDS8ZBF7w==",
      "cpu": [
        "arm64"
      ],
      "license": "SEE LICENSE IN LICENSE.md",
      "optional": true,
      "os": [
        "darwin"
      ]
    },
    "node_modules/@anthropic-ai/claude-code-darwin-x64": {
      "version": "2.1.282",
      "resolved": "https://registry.npmjs.org/@anthropic-ai/claude-code-darwin-x64/-/claude-code-darwin-x64-2.1.282.tgz",
      "integrity": "sha512-x10NSsmKR+2SsjsS6ecx4uqQORdQn1mJ2+//Cte61CAcWgEHwQLb0+0rKXuDFXI9YsRPUnvSwUbJtykjqr4ayw==",
      "cpu": [
        "x64"
      ],
      "license": "SEE LICENSE IN LICENSE.md",
      "optional": true,
      "os": [
        "darwin"
      ]
    },
    "node_modules/@anthropic-ai/claude-code-linux-arm64": {
      "version": "2.1.282",
      "resolved": "https://registry.npmjs.org/@anthropic-ai/claude-code-linux-arm64/-/claude-code-linux-arm64-2.1.282.tgz",
      "integrity": "sha512-H2hNFmAZFVwVroTEBrnw7h3dYiGeZcVT5Y8dpamxq2kyuwZ9gNgFSrteyLXmvdxnmb3TBuig7AqxQR1JvPghvw==",
      "cpu": [
        "arm64"
      ],
      "libc": [
        "glibc"
      ],
      "license": "SEE LICENSE IN LICENSE.md",
      "optional": true,
      "os": [
        "linux"
      ]
    },
    "node_modules/@anthropic-ai/claude-code-linux-arm64-musl": {
      "version": "2.1.282",
      "resolved": "https://registry.npmjs.org/@anthropic-ai/claude-code-linux-arm64-musl/-/claude-code-linux-arm64-musl-2.1.282.tgz",
      "integrity": "sha512-VVEaEZjpWSLLq1JZRAOZFTFIYLZrw3BiQNYS15em66BejiO4gNgqzeGbqSIpL2Y9dlWRaP8TkX4iPGPO8vk13w==",
      "cpu": [
        "arm64"
      ],
      "libc": [
        "musl"
      ],
      "license": "SEE LICENSE IN LICENSE.md",
      "optional": true,
      "os": [
        "linux"
      ]
    },
    "node_modules/@anthropic-ai/claude-code-linux-x64": {
      "version": "2.1.282",
      "resolved": "https://registry.npmjs.org/@anthropic-ai/claude-code-linux-x64/-/claude-code-linux-x64-2.1.282.tgz",
      "integrity": "sha512-iuegTPhk/134MJiuyNDD6gW2SNDRkHoPDK6XK+lrhzyISLyNpKCuFUpIHKTfxkp4RbWQgH2Dtnp1rYxmJTzEOQ==",
      "cpu": [
        "x64"
      ],
      "libc": [
        "glibc"
      ],
      "license": "SEE LICENSE IN LICENSE.md",
      "optional": true,
      "os": [
        "linux"
      ]
    },
    "node_modules/@anthropic-ai/claude-code-linux-x64-musl": {
      "version": "2.1.282",
      "resolved": "https://registry.npmjs.org/@anthropic-ai/claude-code-linux-x64-musl/-/claude-code-linux-x64-musl-2.1.282.tgz",
      "integrity": "sha512-Wvs43qpQXkapre06Melp9PrB0NU0/dp+EDQXA9uFGlQ+j7Y5HsxN6MGY4hyxH0e4q+TjdydTaXedeus9v22YWg==",
      "cpu": [
        "x64"
      ],
      "libc": [
        "musl"
      ],
      "license": "SEE LICENSE IN LICENSE.md",
      "optional": true,
      "os": [
        "linux"
      ]
    },
    "node_modules/@anthropic-ai/claude-code-win32-arm64": {
      "version": "2.1.282",
      "resolved": "https://registry.npmjs.org/@anthropic-ai/claude-code-win32-arm64/-/claude-code-win32-arm64-2.1.282.tgz",
      "integrity": "sha512-JzMWr2QqMQXxLISWR+JygmVoj0vj9ZqXhbSajCwUhoXrV4mS3Ot3SSeHveUhwvxXSG8zQVbh/btTufQQMibd4w==",
      "cpu": [
        "arm64"
      ],
      "license": "SEE LICENSE IN LICENSE.md",
      "optional": true,
      "os": [
        "win32"
      ]
    },
    "node_modules/@anthropic-ai/claude-code-win32-x64": {
      "version": "2.1.282",
      "resolved": "https://registry.npmjs.org/@anthropic-ai/claude-code-win32-x64/-/claude-code-win32-x64-2.1.282.tgz",
      "integrity": "sha512-MWA0zn99AnIKtv9yxrQkPNRnGLTH1A9BPHi8muc8dz4YBOODfUmOx/JUsWpfnSu8S1Q2DhwS15bgUhtWqDkfBQ==",
      "cpu": [
        "x64"
      ],
      "license": "SEE LICENSE IN LICENSE.md",
      "optional": true,
      "os": [
        "win32"
      ]
    }
  }
}
